// !$*UTF8*$!
{
	archiveVersion = 1;
	classes = {
	};
	objectVersion = 55;
	objects = {

/* Begin PBXBuildFile section */
		39DBD53928CE6F2E00E64708 /* AppDelegate.swift in Sources */ = {isa = PBXBuildFile; fileRef = 39DBD53828CE6F2E00E64708 /* AppDelegate.swift */; };
		39DBD53B28CE6F2E00E64708 /* SceneDelegate.swift in Sources */ = {isa = PBXBuildFile; fileRef = 39DBD53A28CE6F2E00E64708 /* SceneDelegate.swift */; };
		39DBD53D28CE6F2E00E64708 /* ViewController.swift in Sources */ = {isa = PBXBuildFile; fileRef = 39DBD53C28CE6F2E00E64708 /* ViewController.swift */; };
		39DBD54228CE6F3100E64708 /* Assets.xcassets in Resources */ = {isa = PBXBuildFile; fileRef = 39DBD54128CE6F3100E64708 /* Assets.xcassets */; };
		39DBD54528CE6F3100E64708 /* LaunchScreen.storyboard in Resources */ = {isa = PBXBuildFile; fileRef = 39DBD54328CE6F3100E64708 /* LaunchScreen.storyboard */; };
		39F6A78E28D279A4005ADB46 /* iCarousel.m in Sources */ = {isa = PBXBuildFile; fileRef = 39F6A78D28D279A4005ADB46 /* iCarousel.m */; };
		39F6A79028D3BF96005ADB46 /* Song.swift in Sources */ = {isa = PBXBuildFile; fileRef = 39F6A78F28D3BF96005ADB46 /* Song.swift */; };
		39F6A79A28D52865005ADB46 /* HozhoHoneyTrap.mp3 in Resources */ = {isa = PBXBuildFile; fileRef = 39F6A79928D52865005ADB46 /* HozhoHoneyTrap.mp3 */; };
		39F6A79C28D528B7005ADB46 /* BorisBrejchaPurpleNoise.mp3 in Resources */ = {isa = PBXBuildFile; fileRef = 39F6A79B28D528B7005ADB46 /* BorisBrejchaPurpleNoise.mp3 */; };
		39F6A79E28D528BF005ADB46 /* ShahmenMark.mp3 in Resources */ = {isa = PBXBuildFile; fileRef = 39F6A79D28D528BF005ADB46 /* ShahmenMark.mp3 */; };
		39F6A7AA28D8FD54005ADB46 /* CustomSlider.swift in Sources */ = {isa = PBXBuildFile; fileRef = 39F6A7A928D8FD54005ADB46 /* CustomSlider.swift */; };
/* End PBXBuildFile section */

/* Begin PBXFileReference section */
		39DBD53528CE6F2E00E64708 /* MPlayer.app */ = {isa = PBXFileReference; explicitFileType = wrapper.application; includeInIndex = 0; path = MPlayer.app; sourceTree = BUILT_PRODUCTS_DIR; };
		39DBD53828CE6F2E00E64708 /* AppDelegate.swift */ = {isa = PBXFileReference; lastKnownFileType = sourcecode.swift; path = AppDelegate.swift; sourceTree = "<group>"; };
		39DBD53A28CE6F2E00E64708 /* SceneDelegate.swift */ = {isa = PBXFileReference; lastKnownFileType = sourcecode.swift; path = SceneDelegate.swift; sourceTree = "<group>"; };
		39DBD53C28CE6F2E00E64708 /* ViewController.swift */ = {isa = PBXFileReference; lastKnownFileType = sourcecode.swift; path = ViewController.swift; sourceTree = "<group>"; };
		39DBD54128CE6F3100E64708 /* Assets.xcassets */ = {isa = PBXFileReference; lastKnownFileType = folder.assetcatalog; path = Assets.xcassets; sourceTree = "<group>"; };
		39DBD54428CE6F3100E64708 /* Base */ = {isa = PBXFileReference; lastKnownFileType = file.storyboard; name = Base; path = Base.lproj/LaunchScreen.storyboard; sourceTree = "<group>"; };
		39DBD54628CE6F3100E64708 /* Info.plist */ = {isa = PBXFileReference; lastKnownFileType = text.plist.xml; path = Info.plist; sourceTree = "<group>"; };
		39F6A78B28D279A3005ADB46 /* MPlayer-Bridging-Header.h */ = {isa = PBXFileReference; lastKnownFileType = sourcecode.c.h; path = "MPlayer-Bridging-Header.h"; sourceTree = "<group>"; };
		39F6A78C28D279A4005ADB46 /* iCarousel.h */ = {isa = PBXFileReference; fileEncoding = 4; lastKnownFileType = sourcecode.c.h; path = iCarousel.h; sourceTree = "<group>"; };
		39F6A78D28D279A4005ADB46 /* iCarousel.m */ = {isa = PBXFileReference; fileEncoding = 4; lastKnownFileType = sourcecode.c.objc; path = iCarousel.m; sourceTree = "<group>"; };
		39F6A78F28D3BF96005ADB46 /* Song.swift */ = {isa = PBXFileReference; lastKnownFileType = sourcecode.swift; path = Song.swift; sourceTree = "<group>"; };
		39F6A79928D52865005ADB46 /* HozhoHoneyTrap.mp3 */ = {isa = PBXFileReference; lastKnownFileType = audio.mp3; path = HozhoHoneyTrap.mp3; sourceTree = "<group>"; };
		39F6A79B28D528B7005ADB46 /* BorisBrejchaPurpleNoise.mp3 */ = {isa = PBXFileReference; lastKnownFileType = audio.mp3; path = BorisBrejchaPurpleNoise.mp3; sourceTree = "<group>"; };
		39F6A79D28D528BF005ADB46 /* ShahmenMark.mp3 */ = {isa = PBXFileReference; lastKnownFileType = audio.mp3; path = ShahmenMark.mp3; sourceTree = "<group>"; };
		39F6A7A928D8FD54005ADB46 /* CustomSlider.swift */ = {isa = PBXFileReference; lastKnownFileType = sourcecode.swift; path = CustomSlider.swift; sourceTree = "<group>"; };
/* End PBXFileReference section */

/* Begin PBXFrameworksBuildPhase section */
		39DBD53228CE6F2E00E64708 /* Frameworks */ = {
			isa = PBXFrameworksBuildPhase;
			buildActionMask = 2147483647;
			files = (
			);
			runOnlyForDeploymentPostprocessing = 0;
		};
/* End PBXFrameworksBuildPhase section */

/* Begin PBXGroup section */
		39DBD52C28CE6F2E00E64708 = {
			isa = PBXGroup;
			children = (
				39DBD53728CE6F2E00E64708 /* MPlayer */,
				39DBD53628CE6F2E00E64708 /* Products */,
			);
			sourceTree = "<group>";
		};
		39DBD53628CE6F2E00E64708 /* Products */ = {
			isa = PBXGroup;
			children = (
				39DBD53528CE6F2E00E64708 /* MPlayer.app */,
			);
			name = Products;
			sourceTree = "<group>";
		};
		39DBD53728CE6F2E00E64708 /* MPlayer */ = {
			isa = PBXGroup;
			children = (
				39DBD53828CE6F2E00E64708 /* AppDelegate.swift */,
				39DBD53A28CE6F2E00E64708 /* SceneDelegate.swift */,
				39DBD53C28CE6F2E00E64708 /* ViewController.swift */,
				39F6A79128D3D418005ADB46 /* Models */,
				39F6A7AB28D9006A005ADB46 /* CustomControls */,
				39F6A79F28D528D4005ADB46 /* Media */,
				39DBD54128CE6F3100E64708 /* Assets.xcassets */,
				39DBD54328CE6F3100E64708 /* LaunchScreen.storyboard */,
				39DBD54628CE6F3100E64708 /* Info.plist */,
				39F6A78C28D279A4005ADB46 /* iCarousel.h */,
				39F6A78D28D279A4005ADB46 /* iCarousel.m */,
				39F6A78B28D279A3005ADB46 /* MPlayer-Bridging-Header.h */,
			);
			path = MPlayer;
			sourceTree = "<group>";
		};
		39F6A79128D3D418005ADB46 /* Models */ = {
			isa = PBXGroup;
			children = (
				39F6A78F28D3BF96005ADB46 /* Song.swift */,
			);
			path = Models;
			sourceTree = "<group>";
		};
		39F6A79F28D528D4005ADB46 /* Media */ = {
			isa = PBXGroup;
			children = (
				39F6A79928D52865005ADB46 /* HozhoHoneyTrap.mp3 */,
				39F6A79B28D528B7005ADB46 /* BorisBrejchaPurpleNoise.mp3 */,
				39F6A79D28D528BF005ADB46 /* ShahmenMark.mp3 */,
			);
			path = Media;
			sourceTree = "<group>";
		};
		39F6A7AB28D9006A005ADB46 /* CustomControls */ = {
			isa = PBXGroup;
			children = (
				39F6A7A928D8FD54005ADB46 /* CustomSlider.swift */,
			);
			path = CustomControls;
			sourceTree = "<group>";
		};
/* End PBXGroup section */

/* Begin PBXNativeTarget section */
		39DBD53428CE6F2E00E64708 /* MPlayer */ = {
			isa = PBXNativeTarget;
			buildConfigurationList = 39DBD54928CE6F3100E64708 /* Build configuration list for PBXNativeTarget "MPlayer" */;
			buildPhases = (
				39DBD53128CE6F2E00E64708 /* Sources */,
				39DBD53228CE6F2E00E64708 /* Frameworks */,
				39DBD53328CE6F2E00E64708 /* Resources */,
			);
			buildRules = (
			);
			dependencies = (
			);
			name = MPlayer;
			productName = MPlayer;
			productReference = 39DBD53528CE6F2E00E64708 /* MPlayer.app */;
			productType = "com.apple.product-type.application";
		};
/* End PBXNativeTarget section */

/* Begin PBXProject section */
		39DBD52D28CE6F2E00E64708 /* Project object */ = {
			isa = PBXProject;
			attributes = {
				BuildIndependentTargetsInParallel = 1;
				LastSwiftUpdateCheck = 1340;
				LastUpgradeCheck = 1340;
				TargetAttributes = {
					39DBD53428CE6F2E00E64708 = {
						CreatedOnToolsVersion = 13.4.1;
						LastSwiftMigration = 1340;
					};
				};
			};
			buildConfigurationList = 39DBD53028CE6F2E00E64708 /* Build configuration list for PBXProject "MPlayer" */;
			compatibilityVersion = "Xcode 13.0";
			developmentRegion = en;
			hasScannedForEncodings = 0;
			knownRegions = (
				en,
				Base,
			);
			mainGroup = 39DBD52C28CE6F2E00E64708;
			productRefGroup = 39DBD53628CE6F2E00E64708 /* Products */;
			projectDirPath = "";
			projectRoot = "";
			targets = (
				39DBD53428CE6F2E00E64708 /* MPlayer */,
			);
		};
/* End PBXProject section */

/* Begin PBXResourcesBuildPhase section */
		39DBD53328CE6F2E00E64708 /* Resources */ = {
			isa = PBXResourcesBuildPhase;
			buildActionMask = 2147483647;
			files = (
				39DBD54528CE6F3100E64708 /* LaunchScreen.storyboard in Resources */,
				39F6A79C28D528B7005ADB46 /* BorisBrejchaPurpleNoise.mp3 in Resources */,
				39F6A79E28D528BF005ADB46 /* ShahmenMark.mp3 in Resources */,
				39DBD54228CE6F3100E64708 /* Assets.xcassets in Resources */,
				39F6A79A28D52865005ADB46 /* HozhoHoneyTrap.mp3 in Resources */,
			);
			runOnlyForDeploymentPostprocessing = 0;
		};
/* End PBXResourcesBuildPhase section */

/* Begin PBXSourcesBuildPhase section */
		39DBD53128CE6F2E00E64708 /* Sources */ = {
			isa = PBXSourcesBuildPhase;
			buildActionMask = 2147483647;
			files = (
				39DBD53D28CE6F2E00E64708 /* ViewController.swift in Sources */,
				39F6A78E28D279A4005ADB46 /* iCarousel.m in Sources */,
				39F6A7AA28D8FD54005ADB46 /* CustomSlider.swift in Sources */,
				39DBD53928CE6F2E00E64708 /* AppDelegate.swift in Sources */,
				39DBD53B28CE6F2E00E64708 /* SceneDelegate.swift in Sources */,
				39F6A79028D3BF96005ADB46 /* Song.swift in Sources */,
			);
			runOnlyForDeploymentPostprocessing = 0;
		};
/* End PBXSourcesBuildPhase section */

/* Begin PBXVariantGroup section */
		39DBD54328CE6F3100E64708 /* LaunchScreen.storyboard */ = {
			isa = PBXVariantGroup;
			children = (
				39DBD54428CE6F3100E64708 /* Base */,
			);
			name = LaunchScreen.storyboard;
			sourceTree = "<group>";
		};
/* End PBXVariantGroup section */

/* Begin XCBuildConfiguration section */
		39DBD54728CE6F3100E64708 /* Debug */ = {
			isa = XCBuildConfiguration;
			buildSettings = {
				ALWAYS_SEARCH_USER_PATHS = NO;
				CLANG_ANALYZER_NONNULL = YES;
				CLANG_ANALYZER_NUMBER_OBJECT_CONVERSION = YES_AGGRESSIVE;
				CLANG_CXX_LANGUAGE_STANDARD = "gnu++17";
				CLANG_ENABLE_MODULES = YES;
				CLANG_ENABLE_OBJC_ARC = YES;
				CLANG_ENABLE_OBJC_WEAK = YES;
				CLANG_WARN_BLOCK_CAPTURE_AUTORELEASING = YES;
				CLANG_WARN_BOOL_CONVERSION = YES;
				CLANG_WARN_COMMA = YES;
				CLANG_WARN_CONSTANT_CONVERSION = YES;
				CLANG_WARN_DEPRECATED_OBJC_IMPLEMENTATIONS = YES;
				CLANG_WARN_DIRECT_OBJC_ISA_USAGE = YES_ERROR;
				CLANG_WARN_DOCUMENTATION_COMMENTS = YES;
				CLANG_WARN_EMPTY_BODY = YES;
				CLANG_WARN_ENUM_CONVERSION = YES;
				CLANG_WARN_INFINITE_RECURSION = YES;
				CLANG_WARN_INT_CONVERSION = YES;
				CLANG_WARN_NON_LITERAL_NULL_CONVERSION = YES;
				CLANG_WARN_OBJC_IMPLICIT_RETAIN_SELF = YES;
				CLANG_WARN_OBJC_LITERAL_CONVERSION = YES;
				CLANG_WARN_OBJC_ROOT_CLASS = YES_ERROR;
				CLANG_WARN_QUOTED_INCLUDE_IN_FRAMEWORK_HEADER = YES;
				CLANG_WARN_RANGE_LOOP_ANALYSIS = YES;
				CLANG_WARN_STRICT_PROTOTYPES = YES;
				CLANG_WARN_SUSPICIOUS_MOVE = YES;
				CLANG_WARN_UNGUARDED_AVAILABILITY = YES_AGGRESSIVE;
				CLANG_WARN_UNREACHABLE_CODE = YES;
				CLANG_WARN__DUPLICATE_METHOD_MATCH = YES;
				COPY_PHASE_STRIP = NO;
				DEBUG_INFORMATION_FORMAT = dwarf;
				ENABLE_STRICT_OBJC_MSGSEND = YES;
				ENABLE_TESTABILITY = YES;
				GCC_C_LANGUAGE_STANDARD = gnu11;
				GCC_DYNAMIC_NO_PIC = NO;
				GCC_NO_COMMON_BLOCKS = YES;
				GCC_OPTIMIZATION_LEVEL = 0;
				GCC_PREPROCESSOR_DEFINITIONS = (
					"DEBUG=1",
					"$(inherited)",
				);
				GCC_WARN_64_TO_32_BIT_CONVERSION = YES;
				GCC_WARN_ABOUT_RETURN_TYPE = YES_ERROR;
				GCC_WARN_UNDECLARED_SELECTOR = YES;
				GCC_WARN_UNINITIALIZED_AUTOS = YES_AGGRESSIVE;
				GCC_WARN_UNUSED_FUNCTION = YES;
				GCC_WARN_UNUSED_VARIABLE = YES;
				IPHONEOS_DEPLOYMENT_TARGET = 15.5;
				MTL_ENABLE_DEBUG_INFO = INCLUDE_SOURCE;
				MTL_FAST_MATH = YES;
				ONLY_ACTIVE_ARCH = YES;
				SDKROOT = iphoneos;
				SWIFT_ACTIVE_COMPILATION_CONDITIONS = DEBUG;
				SWIFT_OPTIMIZATION_LEVEL = "-Onone";
			};
			name = Debug;
		};
		39DBD54828CE6F3100E64708 /* Release */ = {
			isa = XCBuildConfiguration;
			buildSettings = {
				ALWAYS_SEARCH_USER_PATHS = NO;
				CLANG_ANALYZER_NONNULL = YES;
				CLANG_ANALYZER_NUMBER_OBJECT_CONVERSION = YES_AGGRESSIVE;
				CLANG_CXX_LANGUAGE_STANDARD = "gnu++17";
				CLANG_ENABLE_MODULES = YES;
				CLANG_ENABLE_OBJC_ARC = YES;
				CLANG_ENABLE_OBJC_WEAK = YES;
				CLANG_WARN_BLOCK_CAPTURE_AUTORELEASING = YES;
				CLANG_WARN_BOOL_CONVERSION = YES;
				CLANG_WARN_COMMA = YES;
				CLANG_WARN_CONSTANT_CONVERSION = YES;
				CLANG_WARN_DEPRECATED_OBJC_IMPLEMENTATIONS = YES;
				CLANG_WARN_DIRECT_OBJC_ISA_USAGE = YES_ERROR;
				CLANG_WARN_DOCUMENTATION_COMMENTS = YES;
				CLANG_WARN_EMPTY_BODY = YES;
				CLANG_WARN_ENUM_CONVERSION = YES;
				CLANG_WARN_INFINITE_RECURSION = YES;
				CLANG_WARN_INT_CONVERSION = YES;
				CLANG_WARN_NON_LITERAL_NULL_CONVERSION = YES;
				CLANG_WARN_OBJC_IMPLICIT_RETAIN_SELF = YES;
				CLANG_WARN_OBJC_LITERAL_CONVERSION = YES;
				CLANG_WARN_OBJC_ROOT_CLASS = YES_ERROR;
				CLANG_WARN_QUOTED_INCLUDE_IN_FRAMEWORK_HEADER = YES;
				CLANG_WARN_RANGE_LOOP_ANALYSIS = YES;
				CLANG_WARN_STRICT_PROTOTYPES = YES;
				CLANG_WARN_SUSPICIOUS_MOVE = YES;
				CLANG_WARN_UNGUARDED_AVAILABILITY = YES_AGGRESSIVE;
				CLANG_WARN_UNREACHABLE_CODE = YES;
				CLANG_WARN__DUPLICATE_METHOD_MATCH = YES;
				COPY_PHASE_STRIP = NO;
				DEBUG_INFORMATION_FORMAT = "dwarf-with-dsym";
				ENABLE_NS_ASSERTIONS = NO;
				ENABLE_STRICT_OBJC_MSGSEND = YES;
				GCC_C_LANGUAGE_STANDARD = gnu11;
				GCC_NO_COMMON_BLOCKS = YES;
				GCC_WARN_64_TO_32_BIT_CONVERSION = YES;
				GCC_WARN_ABOUT_RETURN_TYPE = YES_ERROR;
				GCC_WARN_UNDECLARED_SELECTOR = YES;
				GCC_WARN_UNINITIALIZED_AUTOS = YES_AGGRESSIVE;
				GCC_WARN_UNUSED_FUNCTION = YES;
				GCC_WARN_UNUSED_VARIABLE = YES;
				IPHONEOS_DEPLOYMENT_TARGET = 15.5;
				MTL_ENABLE_DEBUG_INFO = NO;
				MTL_FAST_MATH = YES;
				SDKROOT = iphoneos;
				SWIFT_COMPILATION_MODE = wholemodule;
				SWIFT_OPTIMIZATION_LEVEL = "-O";
				VALIDATE_PRODUCT = YES;
			};
			name = Release;
		};
		39DBD54A28CE6F3100E64708 /* Debug */ = {
			isa = XCBuildConfiguration;
			buildSettings = {
				ASSETCATALOG_COMPILER_APPICON_NAME = AppIcon;
				ASSETCATALOG_COMPILER_GLOBAL_ACCENT_COLOR_NAME = AccentColor;
				CLANG_ENABLE_MODULES = YES;
				CODE_SIGN_STYLE = Automatic;
				CURRENT_PROJECT_VERSION = 1;
				DEVELOPMENT_TEAM = XPQ67UU8AY;
				GENERATE_INFOPLIST_FILE = YES;
				INFOPLIST_FILE = MPlayer/Info.plist;
				INFOPLIST_KEY_UIApplicationSupportsIndirectInputEvents = YES;
				INFOPLIST_KEY_UILaunchStoryboardName = LaunchScreen;
				INFOPLIST_KEY_UISupportedInterfaceOrientations_iPad = "UIInterfaceOrientationPortrait UIInterfaceOrientationPortraitUpsideDown UIInterfaceOrientationLandscapeLeft UIInterfaceOrientationLandscapeRight";
				INFOPLIST_KEY_UISupportedInterfaceOrientations_iPhone = "UIInterfaceOrientationPortrait UIInterfaceOrientationLandscapeLeft UIInterfaceOrientationLandscapeRight";
				LD_RUNPATH_SEARCH_PATHS = (
					"$(inherited)",
					"@executable_path/Frameworks",
				);
				MARKETING_VERSION = 1.0;
				PRODUCT_BUNDLE_IDENTIFIER = "Artyom-Beldeiko.MPlayer";
				PRODUCT_NAME = "$(TARGET_NAME)";
				SWIFT_EMIT_LOC_STRINGS = YES;
				SWIFT_OBJC_BRIDGING_HEADER = "MPlayer/MPlayer-Bridging-Header.h";
				SWIFT_OPTIMIZATION_LEVEL = "-Onone";
				SWIFT_VERSION = 5.0;
				TARGETED_DEVICE_FAMILY = "1,2";
			};
			name = Debug;
		};
		39DBD54B28CE6F3100E64708 /* Release */ = {
			isa = XCBuildConfiguration;
			buildSettings = {
				ASSETCATALOG_COMPILER_APPICON_NAME = AppIcon;
				ASSETCATALOG_COMPILER_GLOBAL_ACCENT_COLOR_NAME = AccentColor;
				CLANG_ENABLE_MODULES = YES;
				CODE_SIGN_STYLE = Automatic;
				CURRENT_PROJECT_VERSION = 1;
				DEVELOPMENT_TEAM = XPQ67UU8AY;
				GENERATE_INFOPLIST_FILE = YES;
				INFOPLIST_FILE = MPlayer/Info.plist;
				INFOPLIST_KEY_UIApplicationSupportsIndirectInputEvents = YES;
				INFOPLIST_KEY_UILaunchStoryboardName = LaunchScreen;
				INFOPLIST_KEY_UISupportedInterfaceOrientations_iPad = "UIInterfaceOrientationPortrait UIInterfaceOrientationPortraitUpsideDown UIInterfaceOrientationLandscapeLeft UIInterfaceOrientationLandscapeRight";
				INFOPLIST_KEY_UISupportedInterfaceOrientations_iPhone = "UIInterfaceOrientationPortrait UIInterfaceOrientationLandscapeLeft UIInterfaceOrientationLandscapeRight";
				LD_RUNPATH_SEARCH_PATHS = (
					"$(inherited)",
					"@executable_path/Frameworks",
				);
				MARKETING_VERSION = 1.0;
				PRODUCT_BUNDLE_IDENTIFIER = "Artyom-Beldeiko.MPlayer";
				PRODUCT_NAME = "$(TARGET_NAME)";
				SWIFT_EMIT_LOC_STRINGS = YES;
				SWIFT_OBJC_BRIDGING_HEADER = "MPlayer/MPlayer-Bridging-Header.h";
				SWIFT_VERSION = 5.0;
				TARGETED_DEVICE_FAMILY = "1,2";
			};
			name = Release;
		};
/* End XCBuildConfiguration section */

/* Begin XCConfigurationList section */
		39DBD53028CE6F2E00E64708 /* Build configuration list for PBXProject "MPlayer" */ = {
			isa = XCConfigurationList;
			buildConfigurations = (
				39DBD54728CE6F3100E64708 /* Debug */,
				39DBD54828CE6F3100E64708 /* Release */,
			);
			defaultConfigurationIsVisible = 0;
			defaultConfigurationName = Release;
		};
		39DBD54928CE6F3100E64708 /* Build configuration list for PBXNativeTarget "MPlayer" */ = {
			isa = XCConfigurationList;
			buildConfigurations = (
				39DBD54A28CE6F3100E64708 /* Debug */,
				39DBD54B28CE6F3100E64708 /* Release */,
			);
			defaultConfigurationIsVisible = 0;
			defaultConfigurationName = Release;
		};
/* End XCConfigurationList section */
	};
	rootObject = 39DBD52D28CE6F2E00E64708 /* Project object */;
}
